// !$*UTF8*$!
{
	archiveVersion = 1;
	classes = {
	};
	objectVersion = 46;
	objects = {

/* Begin PBXBuildFile section */
		793BAC231E24D07A0014D81C /* PartyCell.swift in Sources */ = {isa = PBXBuildFile; fileRef = 793BAC221E24D07A0014D81C /* PartyCell.swift */; };
		793BAC251E24D1A80014D81C /* PartyRock.swift in Sources */ = {isa = PBXBuildFile; fileRef = 793BAC241E24D1A80014D81C /* PartyRock.swift */; };
		79499F151E24C01B00B4DBF5 /* AppDelegate.swift in Sources */ = {isa = PBXBuildFile; fileRef = 79499F141E24C01B00B4DBF5 /* AppDelegate.swift */; };
		79499F171E24C01B00B4DBF5 /* MainVC.swift in Sources */ = {isa = PBXBuildFile; fileRef = 79499F161E24C01B00B4DBF5 /* MainVC.swift */; };
		79499F1A1E24C01B00B4DBF5 /* Main.storyboard in Resources */ = {isa = PBXBuildFile; fileRef = 79499F181E24C01B00B4DBF5 /* Main.storyboard */; };
		79499F1C1E24C01B00B4DBF5 /* Assets.xcassets in Resources */ = {isa = PBXBuildFile; fileRef = 79499F1B1E24C01B00B4DBF5 /* Assets.xcassets */; };
		79499F1F1E24C01B00B4DBF5 /* LaunchScreen.storyboard in Resources */ = {isa = PBXBuildFile; fileRef = 79499F1D1E24C01B00B4DBF5 /* LaunchScreen.storyboard */; };
		79499F2B1E24C39F00B4DBF5 /* still time.ttf in Resources */ = {isa = PBXBuildFile; fileRef = 79499F2A1E24C39F00B4DBF5 /* still time.ttf */; };
		79499F2D1E24C45C00B4DBF5 /* VideoVC.swift in Sources */ = {isa = PBXBuildFile; fileRef = 79499F2C1E24C45C00B4DBF5 /* VideoVC.swift */; };
/* End PBXBuildFile section */

/* Begin PBXFileReference section */
		793BAC221E24D07A0014D81C /* PartyCell.swift */ = {isa = PBXFileReference; fileEncoding = 4; lastKnownFileType = sourcecode.swift; path = PartyCell.swift; sourceTree = "<group>"; };
		793BAC241E24D1A80014D81C /* PartyRock.swift */ = {isa = PBXFileReference; fileEncoding = 4; lastKnownFileType = sourcecode.swift; path = PartyRock.swift; sourceTree = "<group>"; };
		79499F111E24C01B00B4DBF5 /* PartyRockApp.app */ = {isa = PBXFileReference; explicitFileType = wrapper.application; includeInIndex = 0; path = PartyRockApp.app; sourceTree = BUILT_PRODUCTS_DIR; };
		79499F141E24C01B00B4DBF5 /* AppDelegate.swift */ = {isa = PBXFileReference; lastKnownFileType = sourcecode.swift; path = AppDelegate.swift; sourceTree = "<group>"; };
		79499F161E24C01B00B4DBF5 /* MainVC.swift */ = {isa = PBXFileReference; lastKnownFileType = sourcecode.swift; path = MainVC.swift; sourceTree = "<group>"; };
		79499F191E24C01B00B4DBF5 /* Base */ = {isa = PBXFileReference; lastKnownFileType = file.storyboard; name = Base; path = Base.lproj/Main.storyboard; sourceTree = "<group>"; };
		79499F1B1E24C01B00B4DBF5 /* Assets.xcassets */ = {isa = PBXFileReference; lastKnownFileType = folder.assetcatalog; path = Assets.xcassets; sourceTree = "<group>"; };
		79499F1E1E24C01B00B4DBF5 /* Base */ = {isa = PBXFileReference; lastKnownFileType = file.storyboard; name = Base; path = Base.lproj/LaunchScreen.storyboard; sourceTree = "<group>"; };
		79499F201E24C01B00B4DBF5 /* Info.plist */ = {isa = PBXFileReference; lastKnownFileType = text.plist.xml; path = Info.plist; sourceTree = "<group>"; };
		79499F2A1E24C39F00B4DBF5 /* still time.ttf */ = {isa = PBXFileReference; lastKnownFileType = file; path = "still time.ttf"; sourceTree = "<group>"; };
		79499F2C1E24C45C00B4DBF5 /* VideoVC.swift */ = {isa = PBXFileReference; fileEncoding = 4; lastKnownFileType = sourcecode.swift; path = VideoVC.swift; sourceTree = "<group>"; };
/* End PBXFileReference section */

/* Begin PBXFrameworksBuildPhase section */
		79499F0E1E24C01B00B4DBF5 /* Frameworks */ = {
			isa = PBXFrameworksBuildPhase;
			buildActionMask = 2147483647;
			files = (
			);
			runOnlyForDeploymentPostprocessing = 0;
		};
/* End PBXFrameworksBuildPhase section */

/* Begin PBXGroup section */
		79499F081E24C01A00B4DBF5 = {
			isa = PBXGroup;
			children = (
				79499F131E24C01B00B4DBF5 /* PartyRockApp */,
				79499F121E24C01B00B4DBF5 /* Products */,
			);
			sourceTree = "<group>";
		};
		79499F121E24C01B00B4DBF5 /* Products */ = {
			isa = PBXGroup;
			children = (
				79499F111E24C01B00B4DBF5 /* PartyRockApp.app */,
			);
			name = Products;
			sourceTree = "<group>";
		};
		79499F131E24C01B00B4DBF5 /* PartyRockApp */ = {
			isa = PBXGroup;
			children = (
				79499F291E24C39100B4DBF5 /* Files */,
				79499F281E24C07400B4DBF5 /* Model */,
				79499F271E24C06D00B4DBF5 /* View */,
				79499F261E24C04300B4DBF5 /* Controller */,
				79499F141E24C01B00B4DBF5 /* AppDelegate.swift */,
				79499F1D1E24C01B00B4DBF5 /* LaunchScreen.storyboard */,
				79499F181E24C01B00B4DBF5 /* Main.storyboard */,
				79499F1B1E24C01B00B4DBF5 /* Assets.xcassets */,
				79499F201E24C01B00B4DBF5 /* Info.plist */,
			);
			path = PartyRockApp;
			sourceTree = "<group>";
		};
		79499F261E24C04300B4DBF5 /* Controller */ = {
			isa = PBXGroup;
			children = (
				79499F161E24C01B00B4DBF5 /* MainVC.swift */,
				79499F2C1E24C45C00B4DBF5 /* VideoVC.swift */,
			);
			name = Controller;
			sourceTree = "<group>";
		};
		79499F271E24C06D00B4DBF5 /* View */ = {
			isa = PBXGroup;
			children = (
				793BAC221E24D07A0014D81C /* PartyCell.swift */,
			);
			name = View;
			sourceTree = "<group>";
		};
		79499F281E24C07400B4DBF5 /* Model */ = {
			isa = PBXGroup;
			children = (
				793BAC241E24D1A80014D81C /* PartyRock.swift */,
			);
			name = Model;
			sourceTree = "<group>";
		};
		79499F291E24C39100B4DBF5 /* Files */ = {
			isa = PBXGroup;
			children = (
				79499F2A1E24C39F00B4DBF5 /* still time.ttf */,
			);
			name = Files;
			sourceTree = "<group>";
		};
/* End PBXGroup section */

/* Begin PBXNativeTarget section */
		79499F101E24C01B00B4DBF5 /* PartyRockApp */ = {
			isa = PBXNativeTarget;
			buildConfigurationList = 79499F231E24C01B00B4DBF5 /* Build configuration list for PBXNativeTarget "PartyRockApp" */;
			buildPhases = (
				79499F0D1E24C01B00B4DBF5 /* Sources */,
				79499F0E1E24C01B00B4DBF5 /* Frameworks */,
				79499F0F1E24C01B00B4DBF5 /* Resources */,
			);
			buildRules = (
			);
			dependencies = (
			);
			name = PartyRockApp;
			productName = PartyRockApp;
			productReference = 79499F111E24C01B00B4DBF5 /* PartyRockApp.app */;
			productType = "com.apple.product-type.application";
		};
/* End PBXNativeTarget section */

/* Begin PBXProject section */
		79499F091E24C01A00B4DBF5 /* Project object */ = {
			isa = PBXProject;
			attributes = {
				LastSwiftUpdateCheck = 0820;
				LastUpgradeCheck = 0820;
				ORGANIZATIONNAME = "Kevin Kang";
				TargetAttributes = {
					79499F101E24C01B00B4DBF5 = {
						CreatedOnToolsVersion = 8.2.1;
						DevelopmentTeam = 8MTACDB8WR;
						ProvisioningStyle = Automatic;
					};
				};
			};
			buildConfigurationList = 79499F0C1E24C01A00B4DBF5 /* Build configuration list for PBXProject "PartyRockApp" */;
			compatibilityVersion = "Xcode 3.2";
			developmentRegion = English;
			hasScannedForEncodings = 0;
			knownRegions = (
				en,
				Base,
			);
			mainGroup = 79499F081E24C01A00B4DBF5;
			productRefGroup = 79499F121E24C01B00B4DBF5 /* Products */;
			projectDirPath = "";
			projectRoot = "";
			targets = (
				79499F101E24C01B00B4DBF5 /* PartyRockApp */,
			);
		};
/* End PBXProject section */

/* Begin PBXResourcesBuildPhase section */
		79499F0F1E24C01B00B4DBF5 /* Resources */ = {
			isa = PBXResourcesBuildPhase;
			buildActionMask = 2147483647;
			files = (
				79499F1F1E24C01B00B4DBF5 /* LaunchScreen.storyboard in Resources */,
				79499F2B1E24C39F00B4DBF5 /* still time.ttf in Resources */,
				79499F1C1E24C01B00B4DBF5 /* Assets.xcassets in Resources */,
				79499F1A1E24C01B00B4DBF5 /* Main.storyboard in Resources */,
			);
			runOnlyForDeploymentPostprocessing = 0;
		};
/* End PBXResourcesBuildPhase section */

/* Begin PBXSourcesBuildPhase section */
		79499F0D1E24C01B00B4DBF5 /* Sources */ = {
			isa = PBXSourcesBuildPhase;
			buildActionMask = 2147483647;
			files = (
				79499F2D1E24C45C00B4DBF5 /* VideoVC.swift in Sources */,
				79499F171E24C01B00B4DBF5 /* MainVC.swift in Sources */,
				793BAC251E24D1A80014D81C /* PartyRock.swift in Sources */,
				793BAC231E24D07A0014D81C /* PartyCell.swift in Sources */,
				79499F151E24C01B00B4DBF5 /* AppDelegate.swift in Sources */,
			);
			runOnlyForDeploymentPostprocessing = 0;
		};
/* End PBXSourcesBuildPhase section */

/* Begin PBXVariantGroup section */
		79499F181E24C01B00B4DBF5 /* Main.storyboard */ = {
			isa = PBXVariantGroup;
			children = (
				79499F191E24C01B00B4DBF5 /* Base */,
			);
			name = Main.storyboard;
			sourceTree = "<group>";
		};
		79499F1D1E24C01B00B4DBF5 /* LaunchScreen.storyboard */ = {
			isa = PBXVariantGroup;
			children = (
				79499F1E1E24C01B00B4DBF5 /* Base */,
			);
			name = LaunchScreen.storyboard;
			sourceTree = "<group>";
		};
/* End PBXVariantGroup section */

/* Begin XCBuildConfiguration section */
		79499F211E24C01B00B4DBF5 /* Debug */ = {
			isa = XCBuildConfiguration;
			buildSettings = {
				ALWAYS_SEARCH_USER_PATHS = NO;
				CLANG_ANALYZER_NONNULL = YES;
				CLANG_CXX_LANGUAGE_STANDARD = "gnu++0x";
				CLANG_CXX_LIBRARY = "libc++";
				CLANG_ENABLE_MODULES = YES;
				CLANG_ENABLE_OBJC_ARC = YES;
				CLANG_WARN_BOOL_CONVERSION = YES;
				CLANG_WARN_CONSTANT_CONVERSION = YES;
				CLANG_WARN_DIRECT_OBJC_ISA_USAGE = YES_ERROR;
				CLANG_WARN_DOCUMENTATION_COMMENTS = YES;
				CLANG_WARN_EMPTY_BODY = YES;
				CLANG_WARN_ENUM_CONVERSION = YES;
				CLANG_WARN_INFINITE_RECURSION = YES;
				CLANG_WARN_INT_CONVERSION = YES;
				CLANG_WARN_OBJC_ROOT_CLASS = YES_ERROR;
				CLANG_WARN_SUSPICIOUS_MOVE = YES;
				CLANG_WARN_UNREACHABLE_CODE = YES;
				CLANG_WARN__DUPLICATE_METHOD_MATCH = YES;
				"CODE_SIGN_IDENTITY[sdk=iphoneos*]" = "iPhone Developer";
				COPY_PHASE_STRIP = NO;
				DEBUG_INFORMATION_FORMAT = dwarf;
				ENABLE_STRICT_OBJC_MSGSEND = YES;
				ENABLE_TESTABILITY = YES;
				GCC_C_LANGUAGE_STANDARD = gnu99;
				GCC_DYNAMIC_NO_PIC = NO;
				GCC_NO_COMMON_BLOCKS = YES;
				GCC_OPTIMIZATION_LEVEL = 0;
				GCC_PREPROCESSOR_DEFINITIONS = (
					"DEBUG=1",
					"$(inherited)",
				);
				GCC_WARN_64_TO_32_BIT_CONVERSION = YES;
				GCC_WARN_ABOUT_RETURN_TYPE = YES_ERROR;
				GCC_WARN_UNDECLARED_SELECTOR = YES;
				GCC_WARN_UNINITIALIZED_AUTOS = YES_AGGRESSIVE;
				GCC_WARN_UNUSED_FUNCTION = YES;
				GCC_WARN_UNUSED_VARIABLE = YES;
				IPHONEOS_DEPLOYMENT_TARGET = 10.2;
				MTL_ENABLE_DEBUG_INFO = YES;
				ONLY_ACTIVE_ARCH = YES;
				SDKROOT = iphoneos;
				SWIFT_ACTIVE_COMPILATION_CONDITIONS = DEBUG;
				SWIFT_OPTIMIZATION_LEVEL = "-Onone";
				TARGETED_DEVICE_FAMILY = "1,2";
			};
			name = Debug;
		};
		79499F221E24C01B00B4DBF5 /* Release */ = {
			isa = XCBuildConfiguration;
			buildSettings = {
				ALWAYS_SEARCH_USER_PATHS = NO;
				CLANG_ANALYZER_NONNULL = YES;
				CLANG_CXX_LANGUAGE_STANDARD = "gnu++0x";
				CLANG_CXX_LIBRARY = "libc++";
				CLANG_ENABLE_MODULES = YES;
				CLANG_ENABLE_OBJC_ARC = YES;
				CLANG_WARN_BOOL_CONVERSION = YES;
				CLANG_WARN_CONSTANT_CONVERSION = YES;
				CLANG_WARN_DIRECT_OBJC_ISA_USAGE = YES_ERROR;
				CLANG_WARN_DOCUMENTATION_COMMENTS = YES;
				CLANG_WARN_EMPTY_BODY = YES;
				CLANG_WARN_ENUM_CONVERSION = YES;
				CLANG_WARN_INFINITE_RECURSION = YES;
				CLANG_WARN_INT_CONVERSION = YES;
				CLANG_WARN_OBJC_ROOT_CLASS = YES_ERROR;
				CLANG_WARN_SUSPICIOUS_MOVE = YES;
				CLANG_WARN_UNREACHABLE_CODE = YES;
				CLANG_WARN__DUPLICATE_METHOD_MATCH = YES;
				"CODE_SIGN_IDENTITY[sdk=iphoneos*]" = "iPhone Developer";
				COPY_PHASE_STRIP = NO;
				DEBUG_INFORMATION_FORMAT = "dwarf-with-dsym";
				ENABLE_NS_ASSERTIONS = NO;
				ENABLE_STRICT_OBJC_MSGSEND = YES;
				GCC_C_LANGUAGE_STANDARD = gnu99;
				GCC_NO_COMMON_BLOCKS = YES;
				GCC_WARN_64_TO_32_BIT_CONVERSION = YES;
				GCC_WARN_ABOUT_RETURN_TYPE = YES_ERROR;
				GCC_WARN_UNDECLARED_SELECTOR = YES;
				GCC_WARN_UNINITIALIZED_AUTOS = YES_AGGRESSIVE;
				GCC_WARN_UNUSED_FUNCTION = YES;
				GCC_WARN_UNUSED_VARIABLE = YES;
				IPHONEOS_DEPLOYMENT_TARGET = 10.2;
				MTL_ENABLE_DEBUG_INFO = NO;
				SDKROOT = iphoneos;
				SWIFT_OPTIMIZATION_LEVEL = "-Owholemodule";
				TARGETED_DEVICE_FAMILY = "1,2";
				VALIDATE_PRODUCT = YES;
			};
			name = Release;
		};
		79499F241E24C01B00B4DBF5 /* Debug */ = {
			isa = XCBuildConfiguration;
			buildSettings = {
				ASSETCATALOG_COMPILER_APPICON_NAME = AppIcon;
				DEVELOPMENT_TEAM = 8MTACDB8WR;
				INFOPLIST_FILE = PartyRockApp/Info.plist;
				LD_RUNPATH_SEARCH_PATHS = "$(inherited) @executable_path/Frameworks";
				PRODUCT_BUNDLE_IDENTIFIER = me.kevinkang.PartyRockApp;
				PRODUCT_NAME = "$(TARGET_NAME)";
				SWIFT_VERSION = 3.0;
			};
			name = Debug;
		};
		79499F251E24C01B00B4DBF5 /* Release */ = {
			isa = XCBuildConfiguration;
			buildSettings = {
				ASSETCATALOG_COMPILER_APPICON_NAME = AppIcon;
				DEVELOPMENT_TEAM = 8MTACDB8WR;
				INFOPLIST_FILE = PartyRockApp/Info.plist;
				LD_RUNPATH_SEARCH_PATHS = "$(inherited) @executable_path/Frameworks";
				PRODUCT_BUNDLE_IDENTIFIER = me.kevinkang.PartyRockApp;
				PRODUCT_NAME = "$(TARGET_NAME)";
				SWIFT_VERSION = 3.0;
			};
			name = Release;
		};
/* End XCBuildConfiguration section */

/* Begin XCConfigurationList section */
		79499F0C1E24C01A00B4DBF5 /* Build configuration list for PBXProject "PartyRockApp" */ = {
			isa = XCConfigurationList;
			buildConfigurations = (
				79499F211E24C01B00B4DBF5 /* Debug */,
				79499F221E24C01B00B4DBF5 /* Release */,
			);
			defaultConfigurationIsVisible = 0;
			defaultConfigurationName = Release;
		};
		79499F231E24C01B00B4DBF5 /* Build configuration list for PBXNativeTarget "PartyRockApp" */ = {
			isa = XCConfigurationList;
			buildConfigurations = (
				79499F241E24C01B00B4DBF5 /* Debug */,
				79499F251E24C01B00B4DBF5 /* Release */,
			);
			defaultConfigurationIsVisible = 0;
			defaultConfigurationName = Release;
		};
/* End XCConfigurationList section */
	};
	rootObject = 79499F091E24C01A00B4DBF5 /* Project object */;
}
