// !$*UTF8*$!
{
	archiveVersion = 1;
	classes = {
	};
	objectVersion = 46;
	objects = {

/* Begin PBXBuildFile section */
		799F91791E19A792007558BD /* AppDelegate.swift in Sources */ = {isa = PBXBuildFile; fileRef = 799F91781E19A792007558BD /* AppDelegate.swift */; };
		799F917B1E19A792007558BD /* ViewController.swift in Sources */ = {isa = PBXBuildFile; fileRef = 799F917A1E19A792007558BD /* ViewController.swift */; };
		799F917E1E19A792007558BD /* Main.storyboard in Resources */ = {isa = PBXBuildFile; fileRef = 799F917C1E19A792007558BD /* Main.storyboard */; };
		799F91801E19A792007558BD /* Assets.xcassets in Resources */ = {isa = PBXBuildFile; fileRef = 799F917F1E19A792007558BD /* Assets.xcassets */; };
		799F91831E19A792007558BD /* LaunchScreen.storyboard in Resources */ = {isa = PBXBuildFile; fileRef = 799F91811E19A792007558BD /* LaunchScreen.storyboard */; };
		799F918E1E19A792007558BD /* HelloWorldTests.swift in Sources */ = {isa = PBXBuildFile; fileRef = 799F918D1E19A792007558BD /* HelloWorldTests.swift */; };
		799F91991E19A792007558BD /* HelloWorldUITests.swift in Sources */ = {isa = PBXBuildFile; fileRef = 799F91981E19A792007558BD /* HelloWorldUITests.swift */; };
/* End PBXBuildFile section */

/* Begin PBXContainerItemProxy section */
		799F918A1E19A792007558BD /* PBXContainerItemProxy */ = {
			isa = PBXContainerItemProxy;
			containerPortal = 799F916D1E19A792007558BD /* Project object */;
			proxyType = 1;
			remoteGlobalIDString = 799F91741E19A792007558BD;
			remoteInfo = HelloWorld;
		};
		799F91951E19A792007558BD /* PBXContainerItemProxy */ = {
			isa = PBXContainerItemProxy;
			containerPortal = 799F916D1E19A792007558BD /* Project object */;
			proxyType = 1;
			remoteGlobalIDString = 799F91741E19A792007558BD;
			remoteInfo = HelloWorld;
		};
/* End PBXContainerItemProxy section */

/* Begin PBXFileReference section */
		799F91751E19A792007558BD /* HelloWorld.app */ = {isa = PBXFileReference; explicitFileType = wrapper.application; includeInIndex = 0; path = HelloWorld.app; sourceTree = BUILT_PRODUCTS_DIR; };
		799F91781E19A792007558BD /* AppDelegate.swift */ = {isa = PBXFileReference; lastKnownFileType = sourcecode.swift; path = AppDelegate.swift; sourceTree = "<group>"; };
		799F917A1E19A792007558BD /* ViewController.swift */ = {isa = PBXFileReference; lastKnownFileType = sourcecode.swift; path = ViewController.swift; sourceTree = "<group>"; };
		799F917D1E19A792007558BD /* Base */ = {isa = PBXFileReference; lastKnownFileType = file.storyboard; name = Base; path = Base.lproj/Main.storyboard; sourceTree = "<group>"; };
		799F917F1E19A792007558BD /* Assets.xcassets */ = {isa = PBXFileReference; lastKnownFileType = folder.assetcatalog; path = Assets.xcassets; sourceTree = "<group>"; };
		799F91821E19A792007558BD /* Base */ = {isa = PBXFileReference; lastKnownFileType = file.storyboard; name = Base; path = Base.lproj/LaunchScreen.storyboard; sourceTree = "<group>"; };
		799F91841E19A792007558BD /* Info.plist */ = {isa = PBXFileReference; lastKnownFileType = text.plist.xml; path = Info.plist; sourceTree = "<group>"; };
		799F91891E19A792007558BD /* HelloWorldTests.xctest */ = {isa = PBXFileReference; explicitFileType = wrapper.cfbundle; includeInIndex = 0; path = HelloWorldTests.xctest; sourceTree = BUILT_PRODUCTS_DIR; };
		799F918D1E19A792007558BD /* HelloWorldTests.swift */ = {isa = PBXFileReference; lastKnownFileType = sourcecode.swift; path = HelloWorldTests.swift; sourceTree = "<group>"; };
		799F918F1E19A792007558BD /* Info.plist */ = {isa = PBXFileReference; lastKnownFileType = text.plist.xml; path = Info.plist; sourceTree = "<group>"; };
		799F91941E19A792007558BD /* HelloWorldUITests.xctest */ = {isa = PBXFileReference; explicitFileType = wrapper.cfbundle; includeInIndex = 0; path = HelloWorldUITests.xctest; sourceTree = BUILT_PRODUCTS_DIR; };
		799F91981E19A792007558BD /* HelloWorldUITests.swift */ = {isa = PBXFileReference; lastKnownFileType = sourcecode.swift; path = HelloWorldUITests.swift; sourceTree = "<group>"; };
		799F919A1E19A792007558BD /* Info.plist */ = {isa = PBXFileReference; lastKnownFileType = text.plist.xml; path = Info.plist; sourceTree = "<group>"; };
/* End PBXFileReference section */

/* Begin PBXFrameworksBuildPhase section */
		799F91721E19A792007558BD /* Frameworks */ = {
			isa = PBXFrameworksBuildPhase;
			buildActionMask = 2147483647;
			files = (
			);
			runOnlyForDeploymentPostprocessing = 0;
		};
		799F91861E19A792007558BD /* Frameworks */ = {
			isa = PBXFrameworksBuildPhase;
			buildActionMask = 2147483647;
			files = (
			);
			runOnlyForDeploymentPostprocessing = 0;
		};
		799F91911E19A792007558BD /* Frameworks */ = {
			isa = PBXFrameworksBuildPhase;
			buildActionMask = 2147483647;
			files = (
			);
			runOnlyForDeploymentPostprocessing = 0;
		};
/* End PBXFrameworksBuildPhase section */

/* Begin PBXGroup section */
		799F916C1E19A792007558BD = {
			isa = PBXGroup;
			children = (
				799F91771E19A792007558BD /* HelloWorld */,
				799F918C1E19A792007558BD /* HelloWorldTests */,
				799F91971E19A792007558BD /* HelloWorldUITests */,
				799F91761E19A792007558BD /* Products */,
			);
			sourceTree = "<group>";
		};
		799F91761E19A792007558BD /* Products */ = {
			isa = PBXGroup;
			children = (
				799F91751E19A792007558BD /* HelloWorld.app */,
				799F91891E19A792007558BD /* HelloWorldTests.xctest */,
				799F91941E19A792007558BD /* HelloWorldUITests.xctest */,
			);
			name = Products;
			sourceTree = "<group>";
		};
		799F91771E19A792007558BD /* HelloWorld */ = {
			isa = PBXGroup;
			children = (
				799F91781E19A792007558BD /* AppDelegate.swift */,
				799F917A1E19A792007558BD /* ViewController.swift */,
				799F917C1E19A792007558BD /* Main.storyboard */,
				799F917F1E19A792007558BD /* Assets.xcassets */,
				799F91811E19A792007558BD /* LaunchScreen.storyboard */,
				799F91841E19A792007558BD /* Info.plist */,
			);
			path = HelloWorld;
			sourceTree = "<group>";
		};
		799F918C1E19A792007558BD /* HelloWorldTests */ = {
			isa = PBXGroup;
			children = (
				799F918D1E19A792007558BD /* HelloWorldTests.swift */,
				799F918F1E19A792007558BD /* Info.plist */,
			);
			path = HelloWorldTests;
			sourceTree = "<group>";
		};
		799F91971E19A792007558BD /* HelloWorldUITests */ = {
			isa = PBXGroup;
			children = (
				799F91981E19A792007558BD /* HelloWorldUITests.swift */,
				799F919A1E19A792007558BD /* Info.plist */,
			);
			path = HelloWorldUITests;
			sourceTree = "<group>";
		};
/* End PBXGroup section */

/* Begin PBXNativeTarget section */
		799F91741E19A792007558BD /* HelloWorld */ = {
			isa = PBXNativeTarget;
			buildConfigurationList = 799F919D1E19A792007558BD /* Build configuration list for PBXNativeTarget "HelloWorld" */;
			buildPhases = (
				799F91711E19A792007558BD /* Sources */,
				799F91721E19A792007558BD /* Frameworks */,
				799F91731E19A792007558BD /* Resources */,
			);
			buildRules = (
			);
			dependencies = (
			);
			name = HelloWorld;
			productName = HelloWorld;
			productReference = 799F91751E19A792007558BD /* HelloWorld.app */;
			productType = "com.apple.product-type.application";
		};
		799F91881E19A792007558BD /* HelloWorldTests */ = {
			isa = PBXNativeTarget;
			buildConfigurationList = 799F91A01E19A792007558BD /* Build configuration list for PBXNativeTarget "HelloWorldTests" */;
			buildPhases = (
				799F91851E19A792007558BD /* Sources */,
				799F91861E19A792007558BD /* Frameworks */,
				799F91871E19A792007558BD /* Resources */,
			);
			buildRules = (
			);
			dependencies = (
				799F918B1E19A792007558BD /* PBXTargetDependency */,
			);
			name = HelloWorldTests;
			productName = HelloWorldTests;
			productReference = 799F91891E19A792007558BD /* HelloWorldTests.xctest */;
			productType = "com.apple.product-type.bundle.unit-test";
		};
		799F91931E19A792007558BD /* HelloWorldUITests */ = {
			isa = PBXNativeTarget;
			buildConfigurationList = 799F91A31E19A792007558BD /* Build configuration list for PBXNativeTarget "HelloWorldUITests" */;
			buildPhases = (
				799F91901E19A792007558BD /* Sources */,
				799F91911E19A792007558BD /* Frameworks */,
				799F91921E19A792007558BD /* Resources */,
			);
			buildRules = (
			);
			dependencies = (
				799F91961E19A792007558BD /* PBXTargetDependency */,
			);
			name = HelloWorldUITests;
			productName = HelloWorldUITests;
			productReference = 799F91941E19A792007558BD /* HelloWorldUITests.xctest */;
			productType = "com.apple.product-type.bundle.ui-testing";
		};
/* End PBXNativeTarget section */

/* Begin PBXProject section */
		799F916D1E19A792007558BD /* Project object */ = {
			isa = PBXProject;
			attributes = {
				LastSwiftUpdateCheck = 0820;
				LastUpgradeCheck = 0820;
				ORGANIZATIONNAME = "Kevin Kang";
				TargetAttributes = {
					799F91741E19A792007558BD = {
						CreatedOnToolsVersion = 8.2.1;
						DevelopmentTeam = 8MTACDB8WR;
						ProvisioningStyle = Automatic;
					};
					799F91881E19A792007558BD = {
						CreatedOnToolsVersion = 8.2.1;
						ProvisioningStyle = Automatic;
						TestTargetID = 799F91741E19A792007558BD;
					};
					799F91931E19A792007558BD = {
						CreatedOnToolsVersion = 8.2.1;
						ProvisioningStyle = Automatic;
						TestTargetID = 799F91741E19A792007558BD;
					};
				};
			};
			buildConfigurationList = 799F91701E19A792007558BD /* Build configuration list for PBXProject "HelloWorld" */;
			compatibilityVersion = "Xcode 3.2";
			developmentRegion = English;
			hasScannedForEncodings = 0;
			knownRegions = (
				en,
				Base,
			);
			mainGroup = 799F916C1E19A792007558BD;
			productRefGroup = 799F91761E19A792007558BD /* Products */;
			projectDirPath = "";
			projectRoot = "";
			targets = (
				799F91741E19A792007558BD /* HelloWorld */,
				799F91881E19A792007558BD /* HelloWorldTests */,
				799F91931E19A792007558BD /* HelloWorldUITests */,
			);
		};
/* End PBXProject section */

/* Begin PBXResourcesBuildPhase section */
		799F91731E19A792007558BD /* Resources */ = {
			isa = PBXResourcesBuildPhase;
			buildActionMask = 2147483647;
			files = (
				799F91831E19A792007558BD /* LaunchScreen.storyboard in Resources */,
				799F91801E19A792007558BD /* Assets.xcassets in Resources */,
				799F917E1E19A792007558BD /* Main.storyboard in Resources */,
			);
			runOnlyForDeploymentPostprocessing = 0;
		};
		799F91871E19A792007558BD /* Resources */ = {
			isa = PBXResourcesBuildPhase;
			buildActionMask = 2147483647;
			files = (
			);
			runOnlyForDeploymentPostprocessing = 0;
		};
		799F91921E19A792007558BD /* Resources */ = {
			isa = PBXResourcesBuildPhase;
			buildActionMask = 2147483647;
			files = (
			);
			runOnlyForDeploymentPostprocessing = 0;
		};
/* End PBXResourcesBuildPhase section */

/* Begin PBXSourcesBuildPhase section */
		799F91711E19A792007558BD /* Sources */ = {
			isa = PBXSourcesBuildPhase;
			buildActionMask = 2147483647;
			files = (
				799F917B1E19A792007558BD /* ViewController.swift in Sources */,
				799F91791E19A792007558BD /* AppDelegate.swift in Sources */,
			);
			runOnlyForDeploymentPostprocessing = 0;
		};
		799F91851E19A792007558BD /* Sources */ = {
			isa = PBXSourcesBuildPhase;
			buildActionMask = 2147483647;
			files = (
				799F918E1E19A792007558BD /* HelloWorldTests.swift in Sources */,
			);
			runOnlyForDeploymentPostprocessing = 0;
		};
		799F91901E19A792007558BD /* Sources */ = {
			isa = PBXSourcesBuildPhase;
			buildActionMask = 2147483647;
			files = (
				799F91991E19A792007558BD /* HelloWorldUITests.swift in Sources */,
			);
			runOnlyForDeploymentPostprocessing = 0;
		};
/* End PBXSourcesBuildPhase section */

/* Begin PBXTargetDependency section */
		799F918B1E19A792007558BD /* PBXTargetDependency */ = {
			isa = PBXTargetDependency;
			target = 799F91741E19A792007558BD /* HelloWorld */;
			targetProxy = 799F918A1E19A792007558BD /* PBXContainerItemProxy */;
		};
		799F91961E19A792007558BD /* PBXTargetDependency */ = {
			isa = PBXTargetDependency;
			target = 799F91741E19A792007558BD /* HelloWorld */;
			targetProxy = 799F91951E19A792007558BD /* PBXContainerItemProxy */;
		};
/* End PBXTargetDependency section */

/* Begin PBXVariantGroup section */
		799F917C1E19A792007558BD /* Main.storyboard */ = {
			isa = PBXVariantGroup;
			children = (
				799F917D1E19A792007558BD /* Base */,
			);
			name = Main.storyboard;
			sourceTree = "<group>";
		};
		799F91811E19A792007558BD /* LaunchScreen.storyboard */ = {
			isa = PBXVariantGroup;
			children = (
				799F91821E19A792007558BD /* Base */,
			);
			name = LaunchScreen.storyboard;
			sourceTree = "<group>";
		};
/* End PBXVariantGroup section */

/* Begin XCBuildConfiguration section */
		799F919B1E19A792007558BD /* Debug */ = {
			isa = XCBuildConfiguration;
			buildSettings = {
				ALWAYS_SEARCH_USER_PATHS = NO;
				CLANG_ANALYZER_NONNULL = YES;
				CLANG_CXX_LANGUAGE_STANDARD = "gnu++0x";
				CLANG_CXX_LIBRARY = "libc++";
				CLANG_ENABLE_MODULES = YES;
				CLANG_ENABLE_OBJC_ARC = YES;
				CLANG_WARN_BOOL_CONVERSION = YES;
				CLANG_WARN_CONSTANT_CONVERSION = YES;
				CLANG_WARN_DIRECT_OBJC_ISA_USAGE = YES_ERROR;
				CLANG_WARN_DOCUMENTATION_COMMENTS = YES;
				CLANG_WARN_EMPTY_BODY = YES;
				CLANG_WARN_ENUM_CONVERSION = YES;
				CLANG_WARN_INFINITE_RECURSION = YES;
				CLANG_WARN_INT_CONVERSION = YES;
				CLANG_WARN_OBJC_ROOT_CLASS = YES_ERROR;
				CLANG_WARN_SUSPICIOUS_MOVE = YES;
				CLANG_WARN_UNREACHABLE_CODE = YES;
				CLANG_WARN__DUPLICATE_METHOD_MATCH = YES;
				"CODE_SIGN_IDENTITY[sdk=iphoneos*]" = "iPhone Developer";
				COPY_PHASE_STRIP = NO;
				DEBUG_INFORMATION_FORMAT = dwarf;
				ENABLE_STRICT_OBJC_MSGSEND = YES;
				ENABLE_TESTABILITY = YES;
				GCC_C_LANGUAGE_STANDARD = gnu99;
				GCC_DYNAMIC_NO_PIC = NO;
				GCC_NO_COMMON_BLOCKS = YES;
				GCC_OPTIMIZATION_LEVEL = 0;
				GCC_PREPROCESSOR_DEFINITIONS = (
					"DEBUG=1",
					"$(inherited)",
				);
				GCC_WARN_64_TO_32_BIT_CONVERSION = YES;
				GCC_WARN_ABOUT_RETURN_TYPE = YES_ERROR;
				GCC_WARN_UNDECLARED_SELECTOR = YES;
				GCC_WARN_UNINITIALIZED_AUTOS = YES_AGGRESSIVE;
				GCC_WARN_UNUSED_FUNCTION = YES;
				GCC_WARN_UNUSED_VARIABLE = YES;
				IPHONEOS_DEPLOYMENT_TARGET = 10.2;
				MTL_ENABLE_DEBUG_INFO = YES;
				ONLY_ACTIVE_ARCH = YES;
				SDKROOT = iphoneos;
				SWIFT_ACTIVE_COMPILATION_CONDITIONS = DEBUG;
				SWIFT_OPTIMIZATION_LEVEL = "-Onone";
				TARGETED_DEVICE_FAMILY = "1,2";
			};
			name = Debug;
		};
		799F919C1E19A792007558BD /* Release */ = {
			isa = XCBuildConfiguration;
			buildSettings = {
				ALWAYS_SEARCH_USER_PATHS = NO;
				CLANG_ANALYZER_NONNULL = YES;
				CLANG_CXX_LANGUAGE_STANDARD = "gnu++0x";
				CLANG_CXX_LIBRARY = "libc++";
				CLANG_ENABLE_MODULES = YES;
				CLANG_ENABLE_OBJC_ARC = YES;
				CLANG_WARN_BOOL_CONVERSION = YES;
				CLANG_WARN_CONSTANT_CONVERSION = YES;
				CLANG_WARN_DIRECT_OBJC_ISA_USAGE = YES_ERROR;
				CLANG_WARN_DOCUMENTATION_COMMENTS = YES;
				CLANG_WARN_EMPTY_BODY = YES;
				CLANG_WARN_ENUM_CONVERSION = YES;
				CLANG_WARN_INFINITE_RECURSION = YES;
				CLANG_WARN_INT_CONVERSION = YES;
				CLANG_WARN_OBJC_ROOT_CLASS = YES_ERROR;
				CLANG_WARN_SUSPICIOUS_MOVE = YES;
				CLANG_WARN_UNREACHABLE_CODE = YES;
				CLANG_WARN__DUPLICATE_METHOD_MATCH = YES;
				"CODE_SIGN_IDENTITY[sdk=iphoneos*]" = "iPhone Developer";
				COPY_PHASE_STRIP = NO;
				DEBUG_INFORMATION_FORMAT = "dwarf-with-dsym";
				ENABLE_NS_ASSERTIONS = NO;
				ENABLE_STRICT_OBJC_MSGSEND = YES;
				GCC_C_LANGUAGE_STANDARD = gnu99;
				GCC_NO_COMMON_BLOCKS = YES;
				GCC_WARN_64_TO_32_BIT_CONVERSION = YES;
				GCC_WARN_ABOUT_RETURN_TYPE = YES_ERROR;
				GCC_WARN_UNDECLARED_SELECTOR = YES;
				GCC_WARN_UNINITIALIZED_AUTOS = YES_AGGRESSIVE;
				GCC_WARN_UNUSED_FUNCTION = YES;
				GCC_WARN_UNUSED_VARIABLE = YES;
				IPHONEOS_DEPLOYMENT_TARGET = 10.2;
				MTL_ENABLE_DEBUG_INFO = NO;
				SDKROOT = iphoneos;
				SWIFT_OPTIMIZATION_LEVEL = "-Owholemodule";
				TARGETED_DEVICE_FAMILY = "1,2";
				VALIDATE_PRODUCT = YES;
			};
			name = Release;
		};
		799F919E1E19A792007558BD /* Debug */ = {
			isa = XCBuildConfiguration;
			buildSettings = {
				ASSETCATALOG_COMPILER_APPICON_NAME = AppIcon;
				"CODE_SIGN_IDENTITY[sdk=iphoneos*]" = "iPhone Developer";
				DEVELOPMENT_TEAM = 8MTACDB8WR;
				INFOPLIST_FILE = HelloWorld/Info.plist;
				IPHONEOS_DEPLOYMENT_TARGET = 10.2;
				LD_RUNPATH_SEARCH_PATHS = "$(inherited) @executable_path/Frameworks";
				PRODUCT_BUNDLE_IDENTIFIER = me.kevinkang.HelloWorld;
				PRODUCT_NAME = "$(TARGET_NAME)";
				SWIFT_VERSION = 3.0;
			};
			name = Debug;
		};
		799F919F1E19A792007558BD /* Release */ = {
			isa = XCBuildConfiguration;
			buildSettings = {
				ASSETCATALOG_COMPILER_APPICON_NAME = AppIcon;
				"CODE_SIGN_IDENTITY[sdk=iphoneos*]" = "iPhone Developer";
				DEVELOPMENT_TEAM = 8MTACDB8WR;
				INFOPLIST_FILE = HelloWorld/Info.plist;
				IPHONEOS_DEPLOYMENT_TARGET = 10.2;
				LD_RUNPATH_SEARCH_PATHS = "$(inherited) @executable_path/Frameworks";
				PRODUCT_BUNDLE_IDENTIFIER = me.kevinkang.HelloWorld;
				PRODUCT_NAME = "$(TARGET_NAME)";
				SWIFT_VERSION = 3.0;
			};
			name = Release;
		};
		799F91A11E19A792007558BD /* Debug */ = {
			isa = XCBuildConfiguration;
			buildSettings = {
				ALWAYS_EMBED_SWIFT_STANDARD_LIBRARIES = YES;
				BUNDLE_LOADER = "$(TEST_HOST)";
				INFOPLIST_FILE = HelloWorldTests/Info.plist;
				LD_RUNPATH_SEARCH_PATHS = "$(inherited) @executable_path/Frameworks @loader_path/Frameworks";
				PRODUCT_BUNDLE_IDENTIFIER = me.kevinkang.HelloWorldTests;
				PRODUCT_NAME = "$(TARGET_NAME)";
				SWIFT_VERSION = 3.0;
				TEST_HOST = "$(BUILT_PRODUCTS_DIR)/HelloWorld.app/HelloWorld";
			};
			name = Debug;
		};
		799F91A21E19A792007558BD /* Release */ = {
			isa = XCBuildConfiguration;
			buildSettings = {
				ALWAYS_EMBED_SWIFT_STANDARD_LIBRARIES = YES;
				BUNDLE_LOADER = "$(TEST_HOST)";
				INFOPLIST_FILE = HelloWorldTests/Info.plist;
				LD_RUNPATH_SEARCH_PATHS = "$(inherited) @executable_path/Frameworks @loader_path/Frameworks";
				PRODUCT_BUNDLE_IDENTIFIER = me.kevinkang.HelloWorldTests;
				PRODUCT_NAME = "$(TARGET_NAME)";
				SWIFT_VERSION = 3.0;
				TEST_HOST = "$(BUILT_PRODUCTS_DIR)/HelloWorld.app/HelloWorld";
			};
			name = Release;
		};
		799F91A41E19A792007558BD /* Debug */ = {
			isa = XCBuildConfiguration;
			buildSettings = {
				ALWAYS_EMBED_SWIFT_STANDARD_LIBRARIES = YES;
				INFOPLIST_FILE = HelloWorldUITests/Info.plist;
				LD_RUNPATH_SEARCH_PATHS = "$(inherited) @executable_path/Frameworks @loader_path/Frameworks";
				PRODUCT_BUNDLE_IDENTIFIER = me.kevinkang.HelloWorldUITests;
				PRODUCT_NAME = "$(TARGET_NAME)";
				SWIFT_VERSION = 3.0;
				TEST_TARGET_NAME = HelloWorld;
			};
			name = Debug;
		};
		799F91A51E19A792007558BD /* Release */ = {
			isa = XCBuildConfiguration;
			buildSettings = {
				ALWAYS_EMBED_SWIFT_STANDARD_LIBRARIES = YES;
				INFOPLIST_FILE = HelloWorldUITests/Info.plist;
				LD_RUNPATH_SEARCH_PATHS = "$(inherited) @executable_path/Frameworks @loader_path/Frameworks";
				PRODUCT_BUNDLE_IDENTIFIER = me.kevinkang.HelloWorldUITests;
				PRODUCT_NAME = "$(TARGET_NAME)";
				SWIFT_VERSION = 3.0;
				TEST_TARGET_NAME = HelloWorld;
			};
			name = Release;
		};
/* End XCBuildConfiguration section */

/* Begin XCConfigurationList section */
		799F91701E19A792007558BD /* Build configuration list for PBXProject "HelloWorld" */ = {
			isa = XCConfigurationList;
			buildConfigurations = (
				799F919B1E19A792007558BD /* Debug */,
				799F919C1E19A792007558BD /* Release */,
			);
			defaultConfigurationIsVisible = 0;
			defaultConfigurationName = Release;
		};
		799F919D1E19A792007558BD /* Build configuration list for PBXNativeTarget "HelloWorld" */ = {
			isa = XCConfigurationList;
			buildConfigurations = (
				799F919E1E19A792007558BD /* Debug */,
				799F919F1E19A792007558BD /* Release */,
			);
			defaultConfigurationIsVisible = 0;
		};
		799F91A01E19A792007558BD /* Build configuration list for PBXNativeTarget "HelloWorldTests" */ = {
			isa = XCConfigurationList;
			buildConfigurations = (
				799F91A11E19A792007558BD /* Debug */,
				799F91A21E19A792007558BD /* Release */,
			);
			defaultConfigurationIsVisible = 0;
		};
		799F91A31E19A792007558BD /* Build configuration list for PBXNativeTarget "HelloWorldUITests" */ = {
			isa = XCConfigurationList;
			buildConfigurations = (
				799F91A41E19A792007558BD /* Debug */,
				799F91A51E19A792007558BD /* Release */,
			);
			defaultConfigurationIsVisible = 0;
		};
/* End XCConfigurationList section */
	};
	rootObject = 799F916D1E19A792007558BD /* Project object */;
}
